// !$*UTF8*$!
{
	archiveVersion = 1;
	classes = {
	};
	objectVersion = 60;
	objects = {

/* Begin PBXBuildFile section */
		465B63CF2B30CA5B0014BDA9 /* Assets.xcassets in Resources */ = {isa = PBXBuildFile; fileRef = 465B63702B30CA5B0014BDA9 /* Assets.xcassets */; };
		465B63D02B30CA5B0014BDA9 /* PreviewStations.swift in Sources */ = {isa = PBXBuildFile; fileRef = 465B63722B30CA5B0014BDA9 /* PreviewStations.swift */; };
		465B63D12B30CA5B0014BDA9 /* Preview Assets.xcassets in Resources */ = {isa = PBXBuildFile; fileRef = 465B63732B30CA5B0014BDA9 /* Preview Assets.xcassets */; };
		465B63D22B30CA5B0014BDA9 /* NSSEntry.swift in Sources */ = {isa = PBXBuildFile; fileRef = 465B63752B30CA5B0014BDA9 /* NSSEntry.swift */; };
		465B63D32B30CA5B0014BDA9 /* NSSServices.swift in Sources */ = {isa = PBXBuildFile; fileRef = 465B63762B30CA5B0014BDA9 /* NSSServices.swift */; };
		465B63D42B30CA5B0014BDA9 /* NSSTips.swift in Sources */ = {isa = PBXBuildFile; fileRef = 465B63772B30CA5B0014BDA9 /* NSSTips.swift */; };
		465B63D52B30CA5B0014BDA9 /* NSSMap+CLLocationManagerDelegate.swift in Sources */ = {isa = PBXBuildFile; fileRef = 465B63792B30CA5B0014BDA9 /* NSSMap+CLLocationManagerDelegate.swift */; };
		465B63D62B30CA5B0014BDA9 /* NSSMap.swift in Sources */ = {isa = PBXBuildFile; fileRef = 465B637A2B30CA5B0014BDA9 /* NSSMap.swift */; };
		465B63D72B30CA5B0014BDA9 /* NSSColors.swift in Sources */ = {isa = PBXBuildFile; fileRef = 465B637B2B30CA5B0014BDA9 /* NSSColors.swift */; };
		465B63D82B30CA5B0014BDA9 /* NSSSong.swift in Sources */ = {isa = PBXBuildFile; fileRef = 465B637C2B30CA5B0014BDA9 /* NSSSong.swift */; };
		465B63D92B30CA5B0014BDA9 /* NSSModel+Music.swift in Sources */ = {isa = PBXBuildFile; fileRef = 465B637E2B30CA5B0014BDA9 /* NSSModel+Music.swift */; };
		465B63DA2B30CA5B0014BDA9 /* NSSModel.swift in Sources */ = {isa = PBXBuildFile; fileRef = 465B637F2B30CA5B0014BDA9 /* NSSModel.swift */; };
		465B63DB2B30CA5B0014BDA9 /* NSSModel+MapCameraPosition.swift in Sources */ = {isa = PBXBuildFile; fileRef = 465B63802B30CA5B0014BDA9 /* NSSModel+MapCameraPosition.swift */; };
		465B63DC2B30CA5B0014BDA9 /* NSSModel+NSSStorageManagerDelegate.swift in Sources */ = {isa = PBXBuildFile; fileRef = 465B63812B30CA5B0014BDA9 /* NSSModel+NSSStorageManagerDelegate.swift */; };
		465B63DD2B30CA5B0014BDA9 /* NSSModel+ScrollViewPosition.swift in Sources */ = {isa = PBXBuildFile; fileRef = 465B63822B30CA5B0014BDA9 /* NSSModel+ScrollViewPosition.swift */; };
		465B63DE2B30CA5B0014BDA9 /* Collections.swift in Sources */ = {isa = PBXBuildFile; fileRef = 465B63842B30CA5B0014BDA9 /* Collections.swift */; };
		465B63DF2B30CA5B0014BDA9 /* Notifications.swift in Sources */ = {isa = PBXBuildFile; fileRef = 465B63852B30CA5B0014BDA9 /* Notifications.swift */; };
		465B63E02B30CA5B0014BDA9 /* OSLog.swift in Sources */ = {isa = PBXBuildFile; fileRef = 465B63862B30CA5B0014BDA9 /* OSLog.swift */; };
		465B63E22B30CA5B0014BDA9 /* NSSStorage.swift in Sources */ = {isa = PBXBuildFile; fileRef = 465B63882B30CA5B0014BDA9 /* NSSStorage.swift */; };
		465B63E32B30CA5B0014BDA9 /* NSSFocus.swift in Sources */ = {isa = PBXBuildFile; fileRef = 465B63892B30CA5B0014BDA9 /* NSSFocus.swift */; };
		465B63E52B30CA5B0014BDA9 /* DefaultNSSMapManagerDelegate.swift in Sources */ = {isa = PBXBuildFile; fileRef = 465B638D2B30CA5B0014BDA9 /* DefaultNSSMapManagerDelegate.swift */; };
		465B63E62B30CA5B0014BDA9 /* DefaultNSSStationManagerDelegate.swift in Sources */ = {isa = PBXBuildFile; fileRef = 465B638E2B30CA5B0014BDA9 /* DefaultNSSStationManagerDelegate.swift */; };
		465B63E72B30CA5B0014BDA9 /* DefaultNSSStorageManagerDelegate.swift in Sources */ = {isa = PBXBuildFile; fileRef = 465B638F2B30CA5B0014BDA9 /* DefaultNSSStorageManagerDelegate.swift */; };
		465B63E82B30CA5B0014BDA9 /* DefaultNSSMusicManagerDelegate.swift in Sources */ = {isa = PBXBuildFile; fileRef = 465B63902B30CA5B0014BDA9 /* DefaultNSSMusicManagerDelegate.swift */; };
		465B63E92B30CA5B0014BDA9 /* DefaultNSSModelManagerDelegate.swift in Sources */ = {isa = PBXBuildFile; fileRef = 465B63912B30CA5B0014BDA9 /* DefaultNSSModelManagerDelegate.swift */; };
		465B63EA2B30CA5B0014BDA9 /* SharedNSSModelManagerDelegate.swift in Sources */ = {isa = PBXBuildFile; fileRef = 465B63932B30CA5B0014BDA9 /* SharedNSSModelManagerDelegate.swift */; };
		465B63EB2B30CA5B0014BDA9 /* SharedNSSStationManagerDelegate.swift in Sources */ = {isa = PBXBuildFile; fileRef = 465B63942B30CA5B0014BDA9 /* SharedNSSStationManagerDelegate.swift */; };
		465B63EC2B30CA5B0014BDA9 /* NSSStationManagerDelegate.swift in Sources */ = {isa = PBXBuildFile; fileRef = 465B63962B30CA5B0014BDA9 /* NSSStationManagerDelegate.swift */; };
		465B63ED2B30CA5B0014BDA9 /* NSSStorageManagerDelegate.swift in Sources */ = {isa = PBXBuildFile; fileRef = 465B63972B30CA5B0014BDA9 /* NSSStorageManagerDelegate.swift */; };
		465B63EE2B30CA5B0014BDA9 /* NSSModelManagerDelegate.swift in Sources */ = {isa = PBXBuildFile; fileRef = 465B63982B30CA5B0014BDA9 /* NSSModelManagerDelegate.swift */; };
		465B63EF2B30CA5B0014BDA9 /* NSSMapManagerDelegate.swift in Sources */ = {isa = PBXBuildFile; fileRef = 465B63992B30CA5B0014BDA9 /* NSSMapManagerDelegate.swift */; };
		465B63F02B30CA5B0014BDA9 /* NSSMusicManagerDelegate.swift in Sources */ = {isa = PBXBuildFile; fileRef = 465B639A2B30CA5B0014BDA9 /* NSSMusicManagerDelegate.swift */; };
		465B63F12B30CA5B0014BDA9 /* DebugNSSModelManagerDelegate.swift in Sources */ = {isa = PBXBuildFile; fileRef = 465B639C2B30CA5B0014BDA9 /* DebugNSSModelManagerDelegate.swift */; };
		465B63F22B30CA5B0014BDA9 /* DebugNSSMapManagerDelegate.swift in Sources */ = {isa = PBXBuildFile; fileRef = 465B639D2B30CA5B0014BDA9 /* DebugNSSMapManagerDelegate.swift */; };
		465B63F32B30CA5B0014BDA9 /* DebugNSSStorageManagerDelegate.swift in Sources */ = {isa = PBXBuildFile; fileRef = 465B639E2B30CA5B0014BDA9 /* DebugNSSStorageManagerDelegate.swift */; };
		465B63F42B30CA5B0014BDA9 /* DebugNSSMusicManagerDelegate.swift in Sources */ = {isa = PBXBuildFile; fileRef = 465B639F2B30CA5B0014BDA9 /* DebugNSSMusicManagerDelegate.swift */; };
		465B63F52B30CA5B0014BDA9 /* DebugNSSStationManagerDelegate.swift in Sources */ = {isa = PBXBuildFile; fileRef = 465B63A02B30CA5B0014BDA9 /* DebugNSSStationManagerDelegate.swift */; };
		465B63F62B30CA5B0014BDA9 /* NSSStation.swift in Sources */ = {isa = PBXBuildFile; fileRef = 465B63A12B30CA5B0014BDA9 /* NSSStation.swift */; };
		465B63F72B30CA5B0014BDA9 /* NSSStyle.swift in Sources */ = {isa = PBXBuildFile; fileRef = 465B63A22B30CA5B0014BDA9 /* NSSStyle.swift */; };
		465B63F82B30CA5B0014BDA9 /* NSSMusic+Retrieve.swift in Sources */ = {isa = PBXBuildFile; fileRef = 465B63A42B30CA5B0014BDA9 /* NSSMusic+Retrieve.swift */; };
		465B63FA2B30CA5B0014BDA9 /* NSSMusic+MusicKit.swift in Sources */ = {isa = PBXBuildFile; fileRef = 465B63A62B30CA5B0014BDA9 /* NSSMusic+MusicKit.swift */; };
		465B63FB2B30CA5B0014BDA9 /* NSSMusic+MediaPlayer.swift in Sources */ = {isa = PBXBuildFile; fileRef = 465B63A72B30CA5B0014BDA9 /* NSSMusic+MediaPlayer.swift */; };
		465B63FC2B30CA5B0014BDA9 /* NSSMusic.swift in Sources */ = {isa = PBXBuildFile; fileRef = 465B63A82B30CA5B0014BDA9 /* NSSMusic.swift */; };
		465B63FF2B30CA5B0014BDA9 /* NSSCloud.swift in Sources */ = {isa = PBXBuildFile; fileRef = 465B63AB2B30CA5B0014BDA9 /* NSSCloud.swift */; };
		465B64002B30CA5B0014BDA9 /* NSSApp.swift in Sources */ = {isa = PBXBuildFile; fileRef = 465B63AC2B30CA5B0014BDA9 /* NSSApp.swift */; };
		465B64012B30CA5B0014BDA9 /* Stations.swift in Sources */ = {isa = PBXBuildFile; fileRef = 465B63AF2B30CA5B0014BDA9 /* Stations.swift */; };
		465B64022B30CA5B0014BDA9 /* StationSliderTargetBehavior.swift in Sources */ = {isa = PBXBuildFile; fileRef = 465B63B02B30CA5B0014BDA9 /* StationSliderTargetBehavior.swift */; };
		465B64032B30CA5B0014BDA9 /* SControlsDetails.swift in Sources */ = {isa = PBXBuildFile; fileRef = 465B63B12B30CA5B0014BDA9 /* SControlsDetails.swift */; };
		465B64042B30CA5B0014BDA9 /* SControls.swift in Sources */ = {isa = PBXBuildFile; fileRef = 465B63B22B30CA5B0014BDA9 /* SControls.swift */; };
		465B64052B30CA5B0014BDA9 /* SView.swift in Sources */ = {isa = PBXBuildFile; fileRef = 465B63B32B30CA5B0014BDA9 /* SView.swift */; };
		465B64062B30CA5B0014BDA9 /* SDetails.swift in Sources */ = {isa = PBXBuildFile; fileRef = 465B63B42B30CA5B0014BDA9 /* SDetails.swift */; };
		465B64072B30CA5B0014BDA9 /* SImage.swift in Sources */ = {isa = PBXBuildFile; fileRef = 465B63B52B30CA5B0014BDA9 /* SImage.swift */; };
		465B64082B30CA5B0014BDA9 /* NSSMainView.swift in Sources */ = {isa = PBXBuildFile; fileRef = 465B63B62B30CA5B0014BDA9 /* NSSMainView.swift */; };
		465B64092B30CA5B0014BDA9 /* IsVisible.swift in Sources */ = {isa = PBXBuildFile; fileRef = 465B63B92B30CA5B0014BDA9 /* IsVisible.swift */; };
		465B640A2B30CA5B0014BDA9 /* ViewDidLoad.swift in Sources */ = {isa = PBXBuildFile; fileRef = 465B63BA2B30CA5B0014BDA9 /* ViewDidLoad.swift */; };
		465B640B2B30CA5B0014BDA9 /* SalientButtonStyle.swift in Sources */ = {isa = PBXBuildFile; fileRef = 465B63BB2B30CA5B0014BDA9 /* SalientButtonStyle.swift */; };
		465B640C2B30CA5B0014BDA9 /* BlankButton.swift in Sources */ = {isa = PBXBuildFile; fileRef = 465B63BC2B30CA5B0014BDA9 /* BlankButton.swift */; };
		465B640D2B30CA5B0014BDA9 /* PermissionButton.swift in Sources */ = {isa = PBXBuildFile; fileRef = 465B63BD2B30CA5B0014BDA9 /* PermissionButton.swift */; };
		465B640E2B30CA5B0014BDA9 /* NavigationComponent.swift in Sources */ = {isa = PBXBuildFile; fileRef = 465B63BE2B30CA5B0014BDA9 /* NavigationComponent.swift */; };
		465B640F2B30CA5B0014BDA9 /* SalientCircleButtonStyle.swift in Sources */ = {isa = PBXBuildFile; fileRef = 465B63BF2B30CA5B0014BDA9 /* SalientCircleButtonStyle.swift */; };
		465B64102B30CA5B0014BDA9 /* ToggleButton.swift in Sources */ = {isa = PBXBuildFile; fileRef = 465B63C02B30CA5B0014BDA9 /* ToggleButton.swift */; };
		465B64112B30CA5B0014BDA9 /* Blur.swift in Sources */ = {isa = PBXBuildFile; fileRef = 465B63C22B30CA5B0014BDA9 /* Blur.swift */; };
		465B64122B30CA5B0014BDA9 /* SMAnnotation.swift in Sources */ = {isa = PBXBuildFile; fileRef = 465B63C42B30CA5B0014BDA9 /* SMAnnotation.swift */; };
		465B64132B30CA5B0014BDA9 /* SMView.swift in Sources */ = {isa = PBXBuildFile; fileRef = 465B63C52B30CA5B0014BDA9 /* SMView.swift */; };
		465B64142B30CA5B0014BDA9 /* SMStation.swift in Sources */ = {isa = PBXBuildFile; fileRef = 465B63C62B30CA5B0014BDA9 /* SMStation.swift */; };
		465B64152B30CA5B0014BDA9 /* SMControls.swift in Sources */ = {isa = PBXBuildFile; fileRef = 465B63C72B30CA5B0014BDA9 /* SMControls.swift */; };
		465B64162B30CA5B0014BDA9 /* ProfileView.swift in Sources */ = {isa = PBXBuildFile; fileRef = 465B63CA2B30CA5B0014BDA9 /* ProfileView.swift */; };
		465B64172B30CA5B0014BDA9 /* ServicesView.swift in Sources */ = {isa = PBXBuildFile; fileRef = 465B63CB2B30CA5B0014BDA9 /* ServicesView.swift */; };
		465B64182B30CA5B0014BDA9 /* PermissionsView.swift in Sources */ = {isa = PBXBuildFile; fileRef = 465B63CC2B30CA5B0014BDA9 /* PermissionsView.swift */; };
		465B64192B30CA5B0014BDA9 /* SProfile.swift in Sources */ = {isa = PBXBuildFile; fileRef = 465B63CD2B30CA5B0014BDA9 /* SProfile.swift */; };
		467636252B30FFE5008367E3 /* Collections in Frameworks */ = {isa = PBXBuildFile; productRef = 467636242B30FFE5008367E3 /* Collections */; };
		467636272B30FFE5008367E3 /* DequeModule in Frameworks */ = {isa = PBXBuildFile; productRef = 467636262B30FFE5008367E3 /* DequeModule */; };
		467636292B30FFE5008367E3 /* OrderedCollections in Frameworks */ = {isa = PBXBuildFile; productRef = 467636282B30FFE5008367E3 /* OrderedCollections */; };
		46B95FD02B2B02B20012CE5E /* .gitignore in Resources */ = {isa = PBXBuildFile; fileRef = 46B95FCF2B2B02B20012CE5E /* .gitignore */; };
		46E217DE2B31811F0054C154 /* MusicKit.swift in Sources */ = {isa = PBXBuildFile; fileRef = 46E217DD2B31811F0054C154 /* MusicKit.swift */; };
/* End PBXBuildFile section */

/* Begin PBXFileReference section */
		465B636F2B30CA5B0014BDA9 /* Stations.entitlements */ = {isa = PBXFileReference; fileEncoding = 4; lastKnownFileType = text.plist.entitlements; path = Stations.entitlements; sourceTree = "<group>"; };
		465B63702B30CA5B0014BDA9 /* Assets.xcassets */ = {isa = PBXFileReference; lastKnownFileType = folder.assetcatalog; path = Assets.xcassets; sourceTree = "<group>"; };
		465B63722B30CA5B0014BDA9 /* PreviewStations.swift */ = {isa = PBXFileReference; fileEncoding = 4; lastKnownFileType = sourcecode.swift; path = PreviewStations.swift; sourceTree = "<group>"; };
		465B63732B30CA5B0014BDA9 /* Preview Assets.xcassets */ = {isa = PBXFileReference; lastKnownFileType = folder.assetcatalog; path = "Preview Assets.xcassets"; sourceTree = "<group>"; };
		465B63752B30CA5B0014BDA9 /* NSSEntry.swift */ = {isa = PBXFileReference; fileEncoding = 4; lastKnownFileType = sourcecode.swift; path = NSSEntry.swift; sourceTree = "<group>"; };
		465B63762B30CA5B0014BDA9 /* NSSServices.swift */ = {isa = PBXFileReference; fileEncoding = 4; lastKnownFileType = sourcecode.swift; path = NSSServices.swift; sourceTree = "<group>"; };
		465B63772B30CA5B0014BDA9 /* NSSTips.swift */ = {isa = PBXFileReference; fileEncoding = 4; lastKnownFileType = sourcecode.swift; path = NSSTips.swift; sourceTree = "<group>"; };
		465B63792B30CA5B0014BDA9 /* NSSMap+CLLocationManagerDelegate.swift */ = {isa = PBXFileReference; fileEncoding = 4; lastKnownFileType = sourcecode.swift; path = "NSSMap+CLLocationManagerDelegate.swift"; sourceTree = "<group>"; };
		465B637A2B30CA5B0014BDA9 /* NSSMap.swift */ = {isa = PBXFileReference; fileEncoding = 4; lastKnownFileType = sourcecode.swift; path = NSSMap.swift; sourceTree = "<group>"; };
		465B637B2B30CA5B0014BDA9 /* NSSColors.swift */ = {isa = PBXFileReference; fileEncoding = 4; lastKnownFileType = sourcecode.swift; path = NSSColors.swift; sourceTree = "<group>"; };
		465B637C2B30CA5B0014BDA9 /* NSSSong.swift */ = {isa = PBXFileReference; fileEncoding = 4; lastKnownFileType = sourcecode.swift; path = NSSSong.swift; sourceTree = "<group>"; };
		465B637E2B30CA5B0014BDA9 /* NSSModel+Music.swift */ = {isa = PBXFileReference; fileEncoding = 4; lastKnownFileType = sourcecode.swift; path = "NSSModel+Music.swift"; sourceTree = "<group>"; };
		465B637F2B30CA5B0014BDA9 /* NSSModel.swift */ = {isa = PBXFileReference; fileEncoding = 4; lastKnownFileType = sourcecode.swift; path = NSSModel.swift; sourceTree = "<group>"; };
		465B63802B30CA5B0014BDA9 /* NSSModel+MapCameraPosition.swift */ = {isa = PBXFileReference; fileEncoding = 4; lastKnownFileType = sourcecode.swift; path = "NSSModel+MapCameraPosition.swift"; sourceTree = "<group>"; };
		465B63812B30CA5B0014BDA9 /* NSSModel+NSSStorageManagerDelegate.swift */ = {isa = PBXFileReference; fileEncoding = 4; lastKnownFileType = sourcecode.swift; path = "NSSModel+NSSStorageManagerDelegate.swift"; sourceTree = "<group>"; };
		465B63822B30CA5B0014BDA9 /* NSSModel+ScrollViewPosition.swift */ = {isa = PBXFileReference; fileEncoding = 4; lastKnownFileType = sourcecode.swift; path = "NSSModel+ScrollViewPosition.swift"; sourceTree = "<group>"; };
		465B63842B30CA5B0014BDA9 /* Collections.swift */ = {isa = PBXFileReference; fileEncoding = 4; lastKnownFileType = sourcecode.swift; path = Collections.swift; sourceTree = "<group>"; };
		465B63852B30CA5B0014BDA9 /* Notifications.swift */ = {isa = PBXFileReference; fileEncoding = 4; lastKnownFileType = sourcecode.swift; path = Notifications.swift; sourceTree = "<group>"; };
		465B63862B30CA5B0014BDA9 /* OSLog.swift */ = {isa = PBXFileReference; fileEncoding = 4; lastKnownFileType = sourcecode.swift; path = OSLog.swift; sourceTree = "<group>"; };
		465B63882B30CA5B0014BDA9 /* NSSStorage.swift */ = {isa = PBXFileReference; fileEncoding = 4; lastKnownFileType = sourcecode.swift; path = NSSStorage.swift; sourceTree = "<group>"; };
		465B63892B30CA5B0014BDA9 /* NSSFocus.swift */ = {isa = PBXFileReference; fileEncoding = 4; lastKnownFileType = sourcecode.swift; path = NSSFocus.swift; sourceTree = "<group>"; };
		465B638D2B30CA5B0014BDA9 /* DefaultNSSMapManagerDelegate.swift */ = {isa = PBXFileReference; fileEncoding = 4; lastKnownFileType = sourcecode.swift; path = DefaultNSSMapManagerDelegate.swift; sourceTree = "<group>"; };
		465B638E2B30CA5B0014BDA9 /* DefaultNSSStationManagerDelegate.swift */ = {isa = PBXFileReference; fileEncoding = 4; lastKnownFileType = sourcecode.swift; path = DefaultNSSStationManagerDelegate.swift; sourceTree = "<group>"; };
		465B638F2B30CA5B0014BDA9 /* DefaultNSSStorageManagerDelegate.swift */ = {isa = PBXFileReference; fileEncoding = 4; lastKnownFileType = sourcecode.swift; path = DefaultNSSStorageManagerDelegate.swift; sourceTree = "<group>"; };
		465B63902B30CA5B0014BDA9 /* DefaultNSSMusicManagerDelegate.swift */ = {isa = PBXFileReference; fileEncoding = 4; lastKnownFileType = sourcecode.swift; path = DefaultNSSMusicManagerDelegate.swift; sourceTree = "<group>"; };
		465B63912B30CA5B0014BDA9 /* DefaultNSSModelManagerDelegate.swift */ = {isa = PBXFileReference; fileEncoding = 4; lastKnownFileType = sourcecode.swift; path = DefaultNSSModelManagerDelegate.swift; sourceTree = "<group>"; };
		465B63932B30CA5B0014BDA9 /* SharedNSSModelManagerDelegate.swift */ = {isa = PBXFileReference; fileEncoding = 4; lastKnownFileType = sourcecode.swift; path = SharedNSSModelManagerDelegate.swift; sourceTree = "<group>"; };
		465B63942B30CA5B0014BDA9 /* SharedNSSStationManagerDelegate.swift */ = {isa = PBXFileReference; fileEncoding = 4; lastKnownFileType = sourcecode.swift; path = SharedNSSStationManagerDelegate.swift; sourceTree = "<group>"; };
		465B63962B30CA5B0014BDA9 /* NSSStationManagerDelegate.swift */ = {isa = PBXFileReference; fileEncoding = 4; lastKnownFileType = sourcecode.swift; path = NSSStationManagerDelegate.swift; sourceTree = "<group>"; };
		465B63972B30CA5B0014BDA9 /* NSSStorageManagerDelegate.swift */ = {isa = PBXFileReference; fileEncoding = 4; lastKnownFileType = sourcecode.swift; path = NSSStorageManagerDelegate.swift; sourceTree = "<group>"; };
		465B63982B30CA5B0014BDA9 /* NSSModelManagerDelegate.swift */ = {isa = PBXFileReference; fileEncoding = 4; lastKnownFileType = sourcecode.swift; path = NSSModelManagerDelegate.swift; sourceTree = "<group>"; };
		465B63992B30CA5B0014BDA9 /* NSSMapManagerDelegate.swift */ = {isa = PBXFileReference; fileEncoding = 4; lastKnownFileType = sourcecode.swift; path = NSSMapManagerDelegate.swift; sourceTree = "<group>"; };
		465B639A2B30CA5B0014BDA9 /* NSSMusicManagerDelegate.swift */ = {isa = PBXFileReference; fileEncoding = 4; lastKnownFileType = sourcecode.swift; path = NSSMusicManagerDelegate.swift; sourceTree = "<group>"; };
		465B639C2B30CA5B0014BDA9 /* DebugNSSModelManagerDelegate.swift */ = {isa = PBXFileReference; fileEncoding = 4; lastKnownFileType = sourcecode.swift; path = DebugNSSModelManagerDelegate.swift; sourceTree = "<group>"; };
		465B639D2B30CA5B0014BDA9 /* DebugNSSMapManagerDelegate.swift */ = {isa = PBXFileReference; fileEncoding = 4; lastKnownFileType = sourcecode.swift; path = DebugNSSMapManagerDelegate.swift; sourceTree = "<group>"; };
		465B639E2B30CA5B0014BDA9 /* DebugNSSStorageManagerDelegate.swift */ = {isa = PBXFileReference; fileEncoding = 4; lastKnownFileType = sourcecode.swift; path = DebugNSSStorageManagerDelegate.swift; sourceTree = "<group>"; };
		465B639F2B30CA5B0014BDA9 /* DebugNSSMusicManagerDelegate.swift */ = {isa = PBXFileReference; fileEncoding = 4; lastKnownFileType = sourcecode.swift; path = DebugNSSMusicManagerDelegate.swift; sourceTree = "<group>"; };
		465B63A02B30CA5B0014BDA9 /* DebugNSSStationManagerDelegate.swift */ = {isa = PBXFileReference; fileEncoding = 4; lastKnownFileType = sourcecode.swift; path = DebugNSSStationManagerDelegate.swift; sourceTree = "<group>"; };
		465B63A12B30CA5B0014BDA9 /* NSSStation.swift */ = {isa = PBXFileReference; fileEncoding = 4; lastKnownFileType = sourcecode.swift; path = NSSStation.swift; sourceTree = "<group>"; };
		465B63A22B30CA5B0014BDA9 /* NSSStyle.swift */ = {isa = PBXFileReference; fileEncoding = 4; lastKnownFileType = sourcecode.swift; path = NSSStyle.swift; sourceTree = "<group>"; };
		465B63A42B30CA5B0014BDA9 /* NSSMusic+Retrieve.swift */ = {isa = PBXFileReference; fileEncoding = 4; lastKnownFileType = sourcecode.swift; path = "NSSMusic+Retrieve.swift"; sourceTree = "<group>"; };
		465B63A62B30CA5B0014BDA9 /* NSSMusic+MusicKit.swift */ = {isa = PBXFileReference; fileEncoding = 4; lastKnownFileType = sourcecode.swift; path = "NSSMusic+MusicKit.swift"; sourceTree = "<group>"; };
		465B63A72B30CA5B0014BDA9 /* NSSMusic+MediaPlayer.swift */ = {isa = PBXFileReference; fileEncoding = 4; lastKnownFileType = sourcecode.swift; path = "NSSMusic+MediaPlayer.swift"; sourceTree = "<group>"; };
		465B63A82B30CA5B0014BDA9 /* NSSMusic.swift */ = {isa = PBXFileReference; fileEncoding = 4; lastKnownFileType = sourcecode.swift; path = NSSMusic.swift; sourceTree = "<group>"; };
		465B63AB2B30CA5B0014BDA9 /* NSSCloud.swift */ = {isa = PBXFileReference; fileEncoding = 4; lastKnownFileType = sourcecode.swift; path = NSSCloud.swift; sourceTree = "<group>"; };
		465B63AC2B30CA5B0014BDA9 /* NSSApp.swift */ = {isa = PBXFileReference; fileEncoding = 4; lastKnownFileType = sourcecode.swift; path = NSSApp.swift; sourceTree = "<group>"; };
		465B63AF2B30CA5B0014BDA9 /* Stations.swift */ = {isa = PBXFileReference; fileEncoding = 4; lastKnownFileType = sourcecode.swift; path = Stations.swift; sourceTree = "<group>"; };
		465B63B02B30CA5B0014BDA9 /* StationSliderTargetBehavior.swift */ = {isa = PBXFileReference; fileEncoding = 4; lastKnownFileType = sourcecode.swift; path = StationSliderTargetBehavior.swift; sourceTree = "<group>"; };
		465B63B12B30CA5B0014BDA9 /* SControlsDetails.swift */ = {isa = PBXFileReference; fileEncoding = 4; lastKnownFileType = sourcecode.swift; path = SControlsDetails.swift; sourceTree = "<group>"; };
		465B63B22B30CA5B0014BDA9 /* SControls.swift */ = {isa = PBXFileReference; fileEncoding = 4; lastKnownFileType = sourcecode.swift; path = SControls.swift; sourceTree = "<group>"; };
		465B63B32B30CA5B0014BDA9 /* SView.swift */ = {isa = PBXFileReference; fileEncoding = 4; lastKnownFileType = sourcecode.swift; path = SView.swift; sourceTree = "<group>"; };
		465B63B42B30CA5B0014BDA9 /* SDetails.swift */ = {isa = PBXFileReference; fileEncoding = 4; lastKnownFileType = sourcecode.swift; path = SDetails.swift; sourceTree = "<group>"; };
		465B63B52B30CA5B0014BDA9 /* SImage.swift */ = {isa = PBXFileReference; fileEncoding = 4; lastKnownFileType = sourcecode.swift; path = SImage.swift; sourceTree = "<group>"; };
		465B63B62B30CA5B0014BDA9 /* NSSMainView.swift */ = {isa = PBXFileReference; fileEncoding = 4; lastKnownFileType = sourcecode.swift; path = NSSMainView.swift; sourceTree = "<group>"; };
		465B63B92B30CA5B0014BDA9 /* IsVisible.swift */ = {isa = PBXFileReference; fileEncoding = 4; lastKnownFileType = sourcecode.swift; path = IsVisible.swift; sourceTree = "<group>"; };
		465B63BA2B30CA5B0014BDA9 /* ViewDidLoad.swift */ = {isa = PBXFileReference; fileEncoding = 4; lastKnownFileType = sourcecode.swift; path = ViewDidLoad.swift; sourceTree = "<group>"; };
		465B63BB2B30CA5B0014BDA9 /* SalientButtonStyle.swift */ = {isa = PBXFileReference; fileEncoding = 4; lastKnownFileType = sourcecode.swift; path = SalientButtonStyle.swift; sourceTree = "<group>"; };
		465B63BC2B30CA5B0014BDA9 /* BlankButton.swift */ = {isa = PBXFileReference; fileEncoding = 4; lastKnownFileType = sourcecode.swift; path = BlankButton.swift; sourceTree = "<group>"; };
		465B63BD2B30CA5B0014BDA9 /* PermissionButton.swift */ = {isa = PBXFileReference; fileEncoding = 4; lastKnownFileType = sourcecode.swift; path = PermissionButton.swift; sourceTree = "<group>"; };
		465B63BE2B30CA5B0014BDA9 /* NavigationComponent.swift */ = {isa = PBXFileReference; fileEncoding = 4; lastKnownFileType = sourcecode.swift; path = NavigationComponent.swift; sourceTree = "<group>"; };
		465B63BF2B30CA5B0014BDA9 /* SalientCircleButtonStyle.swift */ = {isa = PBXFileReference; fileEncoding = 4; lastKnownFileType = sourcecode.swift; path = SalientCircleButtonStyle.swift; sourceTree = "<group>"; };
		465B63C02B30CA5B0014BDA9 /* ToggleButton.swift */ = {isa = PBXFileReference; fileEncoding = 4; lastKnownFileType = sourcecode.swift; path = ToggleButton.swift; sourceTree = "<group>"; };
		465B63C22B30CA5B0014BDA9 /* Blur.swift */ = {isa = PBXFileReference; fileEncoding = 4; lastKnownFileType = sourcecode.swift; path = Blur.swift; sourceTree = "<group>"; };
		465B63C42B30CA5B0014BDA9 /* SMAnnotation.swift */ = {isa = PBXFileReference; fileEncoding = 4; lastKnownFileType = sourcecode.swift; path = SMAnnotation.swift; sourceTree = "<group>"; };
		465B63C52B30CA5B0014BDA9 /* SMView.swift */ = {isa = PBXFileReference; fileEncoding = 4; lastKnownFileType = sourcecode.swift; path = SMView.swift; sourceTree = "<group>"; };
		465B63C62B30CA5B0014BDA9 /* SMStation.swift */ = {isa = PBXFileReference; fileEncoding = 4; lastKnownFileType = sourcecode.swift; path = SMStation.swift; sourceTree = "<group>"; };
		465B63C72B30CA5B0014BDA9 /* SMControls.swift */ = {isa = PBXFileReference; fileEncoding = 4; lastKnownFileType = sourcecode.swift; path = SMControls.swift; sourceTree = "<group>"; };
		465B63CA2B30CA5B0014BDA9 /* ProfileView.swift */ = {isa = PBXFileReference; fileEncoding = 4; lastKnownFileType = sourcecode.swift; path = ProfileView.swift; sourceTree = "<group>"; };
		465B63CB2B30CA5B0014BDA9 /* ServicesView.swift */ = {isa = PBXFileReference; fileEncoding = 4; lastKnownFileType = sourcecode.swift; path = ServicesView.swift; sourceTree = "<group>"; };
		465B63CC2B30CA5B0014BDA9 /* PermissionsView.swift */ = {isa = PBXFileReference; fileEncoding = 4; lastKnownFileType = sourcecode.swift; path = PermissionsView.swift; sourceTree = "<group>"; };
		465B63CD2B30CA5B0014BDA9 /* SProfile.swift */ = {isa = PBXFileReference; fileEncoding = 4; lastKnownFileType = sourcecode.swift; path = SProfile.swift; sourceTree = "<group>"; };
		465B63CE2B30CA5B0014BDA9 /* Info.plist */ = {isa = PBXFileReference; fileEncoding = 4; lastKnownFileType = text.plist.xml; path = Info.plist; sourceTree = "<group>"; };
		467037E92B21433600C2B9EC /* Stations.app */ = {isa = PBXFileReference; explicitFileType = wrapper.application; includeInIndex = 0; path = Stations.app; sourceTree = BUILT_PRODUCTS_DIR; };
		46B95FCF2B2B02B20012CE5E /* .gitignore */ = {isa = PBXFileReference; fileEncoding = 4; lastKnownFileType = text; path = .gitignore; sourceTree = "<group>"; };
		46E217DD2B31811F0054C154 /* MusicKit.swift */ = {isa = PBXFileReference; lastKnownFileType = sourcecode.swift; path = MusicKit.swift; sourceTree = "<group>"; };
/* End PBXFileReference section */

/* Begin PBXFrameworksBuildPhase section */
		467037E62B21433600C2B9EC /* Frameworks */ = {
			isa = PBXFrameworksBuildPhase;
			buildActionMask = 2147483647;
			files = (
				467636252B30FFE5008367E3 /* Collections in Frameworks */,
				467636272B30FFE5008367E3 /* DequeModule in Frameworks */,
				467636292B30FFE5008367E3 /* OrderedCollections in Frameworks */,
			);
			runOnlyForDeploymentPostprocessing = 0;
		};
/* End PBXFrameworksBuildPhase section */

/* Begin PBXGroup section */
		465B636E2B30CA5B0014BDA9 /* Stations */ = {
			isa = PBXGroup;
			children = (
				465B636F2B30CA5B0014BDA9 /* Stations.entitlements */,
				465B63702B30CA5B0014BDA9 /* Assets.xcassets */,
				465B63CE2B30CA5B0014BDA9 /* Info.plist */,
				465B63AC2B30CA5B0014BDA9 /* NSSApp.swift */,
				465B63AD2B30CA5B0014BDA9 /* Views */,
				465B63742B30CA5B0014BDA9 /* Model */,
				465B63712B30CA5B0014BDA9 /* Preview Content */,
			);
			path = Stations;
			sourceTree = "<group>";
		};
		465B63712B30CA5B0014BDA9 /* Preview Content */ = {
			isa = PBXGroup;
			children = (
				465B63722B30CA5B0014BDA9 /* PreviewStations.swift */,
				465B63732B30CA5B0014BDA9 /* Preview Assets.xcassets */,
			);
			path = "Preview Content";
			sourceTree = "<group>";
		};
		465B63742B30CA5B0014BDA9 /* Model */ = {
			isa = PBXGroup;
			children = (
				465B638B2B30CA5B0014BDA9 /* Delegates */,
				465B63832B30CA5B0014BDA9 /* Extensions */,
				465B63782B30CA5B0014BDA9 /* NSSMap */,
				465B637D2B30CA5B0014BDA9 /* NSSModel */,
				465B63A32B30CA5B0014BDA9 /* NSSMusic */,
				465B641B2B30CAA90014BDA9 /* NSSSong */,
				465B63AB2B30CA5B0014BDA9 /* NSSCloud.swift */,
				465B637B2B30CA5B0014BDA9 /* NSSColors.swift */,
				465B63752B30CA5B0014BDA9 /* NSSEntry.swift */,
				465B63892B30CA5B0014BDA9 /* NSSFocus.swift */,
				465B63A12B30CA5B0014BDA9 /* NSSStation.swift */,
				465B63882B30CA5B0014BDA9 /* NSSStorage.swift */,
				465B63A22B30CA5B0014BDA9 /* NSSStyle.swift */,
				465B63772B30CA5B0014BDA9 /* NSSTips.swift */,
				465B63762B30CA5B0014BDA9 /* NSSServices.swift */,
			);
			path = Model;
			sourceTree = "<group>";
		};
		465B63782B30CA5B0014BDA9 /* NSSMap */ = {
			isa = PBXGroup;
			children = (
				465B63792B30CA5B0014BDA9 /* NSSMap+CLLocationManagerDelegate.swift */,
				465B637A2B30CA5B0014BDA9 /* NSSMap.swift */,
			);
			path = NSSMap;
			sourceTree = "<group>";
		};
		465B637D2B30CA5B0014BDA9 /* NSSModel */ = {
			isa = PBXGroup;
			children = (
				465B637E2B30CA5B0014BDA9 /* NSSModel+Music.swift */,
				465B637F2B30CA5B0014BDA9 /* NSSModel.swift */,
				465B63802B30CA5B0014BDA9 /* NSSModel+MapCameraPosition.swift */,
				465B63812B30CA5B0014BDA9 /* NSSModel+NSSStorageManagerDelegate.swift */,
				465B63822B30CA5B0014BDA9 /* NSSModel+ScrollViewPosition.swift */,
			);
			path = NSSModel;
			sourceTree = "<group>";
		};
		465B63832B30CA5B0014BDA9 /* Extensions */ = {
			isa = PBXGroup;
			children = (
				465B63842B30CA5B0014BDA9 /* Collections.swift */,
				465B63852B30CA5B0014BDA9 /* Notifications.swift */,
				465B63862B30CA5B0014BDA9 /* OSLog.swift */,
				46E217DD2B31811F0054C154 /* MusicKit.swift */,
			);
			path = Extensions;
			sourceTree = "<group>";
		};
		465B638B2B30CA5B0014BDA9 /* Delegates */ = {
			isa = PBXGroup;
			children = (
				465B638C2B30CA5B0014BDA9 /* Default */,
				465B63922B30CA5B0014BDA9 /* Shared */,
				465B63952B30CA5B0014BDA9 /* Protocols */,
				465B639B2B30CA5B0014BDA9 /* Debug */,
			);
			path = Delegates;
			sourceTree = "<group>";
		};
		465B638C2B30CA5B0014BDA9 /* Default */ = {
			isa = PBXGroup;
			children = (
				465B638D2B30CA5B0014BDA9 /* DefaultNSSMapManagerDelegate.swift */,
				465B638E2B30CA5B0014BDA9 /* DefaultNSSStationManagerDelegate.swift */,
				465B638F2B30CA5B0014BDA9 /* DefaultNSSStorageManagerDelegate.swift */,
				465B63902B30CA5B0014BDA9 /* DefaultNSSMusicManagerDelegate.swift */,
				465B63912B30CA5B0014BDA9 /* DefaultNSSModelManagerDelegate.swift */,
			);
			path = Default;
			sourceTree = "<group>";
		};
		465B63922B30CA5B0014BDA9 /* Shared */ = {
			isa = PBXGroup;
			children = (
				465B63932B30CA5B0014BDA9 /* SharedNSSModelManagerDelegate.swift */,
				465B63942B30CA5B0014BDA9 /* SharedNSSStationManagerDelegate.swift */,
			);
			path = Shared;
			sourceTree = "<group>";
		};
		465B63952B30CA5B0014BDA9 /* Protocols */ = {
			isa = PBXGroup;
			children = (
				465B63962B30CA5B0014BDA9 /* NSSStationManagerDelegate.swift */,
				465B63972B30CA5B0014BDA9 /* NSSStorageManagerDelegate.swift */,
				465B63982B30CA5B0014BDA9 /* NSSModelManagerDelegate.swift */,
				465B63992B30CA5B0014BDA9 /* NSSMapManagerDelegate.swift */,
				465B639A2B30CA5B0014BDA9 /* NSSMusicManagerDelegate.swift */,
			);
			path = Protocols;
			sourceTree = "<group>";
		};
		465B639B2B30CA5B0014BDA9 /* Debug */ = {
			isa = PBXGroup;
			children = (
				465B639C2B30CA5B0014BDA9 /* DebugNSSModelManagerDelegate.swift */,
				465B639D2B30CA5B0014BDA9 /* DebugNSSMapManagerDelegate.swift */,
				465B639E2B30CA5B0014BDA9 /* DebugNSSStorageManagerDelegate.swift */,
				465B639F2B30CA5B0014BDA9 /* DebugNSSMusicManagerDelegate.swift */,
				465B63A02B30CA5B0014BDA9 /* DebugNSSStationManagerDelegate.swift */,
			);
			path = Debug;
			sourceTree = "<group>";
		};
		465B63A32B30CA5B0014BDA9 /* NSSMusic */ = {
			isa = PBXGroup;
			children = (
				465B63A42B30CA5B0014BDA9 /* NSSMusic+Retrieve.swift */,
				465B63A62B30CA5B0014BDA9 /* NSSMusic+MusicKit.swift */,
				465B63A72B30CA5B0014BDA9 /* NSSMusic+MediaPlayer.swift */,
				465B63A82B30CA5B0014BDA9 /* NSSMusic.swift */,
			);
			path = NSSMusic;
			sourceTree = "<group>";
		};
		465B63AD2B30CA5B0014BDA9 /* Views */ = {
			isa = PBXGroup;
			children = (
				465B63B62B30CA5B0014BDA9 /* NSSMainView.swift */,
				465B63AE2B30CA5B0014BDA9 /* Stations */,
				465B63B72B30CA5B0014BDA9 /* Components */,
				465B63C32B30CA5B0014BDA9 /* Map */,
				465B63C82B30CA5B0014BDA9 /* Profile */,
			);
			path = Views;
			sourceTree = "<group>";
		};
		465B63AE2B30CA5B0014BDA9 /* Stations */ = {
			isa = PBXGroup;
			children = (
				465B63AF2B30CA5B0014BDA9 /* Stations.swift */,
				465B63B02B30CA5B0014BDA9 /* StationSliderTargetBehavior.swift */,
				465B63B12B30CA5B0014BDA9 /* SControlsDetails.swift */,
				465B63B22B30CA5B0014BDA9 /* SControls.swift */,
				465B63B32B30CA5B0014BDA9 /* SView.swift */,
				465B63B42B30CA5B0014BDA9 /* SDetails.swift */,
				465B63B52B30CA5B0014BDA9 /* SImage.swift */,
			);
			path = Stations;
			sourceTree = "<group>";
		};
		465B63B72B30CA5B0014BDA9 /* Components */ = {
			isa = PBXGroup;
			children = (
				465B63B82B30CA5B0014BDA9 /* Modifiers */,
				465B63BB2B30CA5B0014BDA9 /* SalientButtonStyle.swift */,
				465B63BC2B30CA5B0014BDA9 /* BlankButton.swift */,
				465B63BD2B30CA5B0014BDA9 /* PermissionButton.swift */,
				465B63BE2B30CA5B0014BDA9 /* NavigationComponent.swift */,
				465B63BF2B30CA5B0014BDA9 /* SalientCircleButtonStyle.swift */,
				465B63C02B30CA5B0014BDA9 /* ToggleButton.swift */,
				465B63C12B30CA5B0014BDA9 /* Transitions */,
			);
			path = Components;
			sourceTree = "<group>";
		};
		465B63B82B30CA5B0014BDA9 /* Modifiers */ = {
			isa = PBXGroup;
			children = (
				465B63B92B30CA5B0014BDA9 /* IsVisible.swift */,
				465B63BA2B30CA5B0014BDA9 /* ViewDidLoad.swift */,
			);
			path = Modifiers;
			sourceTree = "<group>";
		};
		465B63C12B30CA5B0014BDA9 /* Transitions */ = {
			isa = PBXGroup;
			children = (
				465B63C22B30CA5B0014BDA9 /* Blur.swift */,
			);
			path = Transitions;
			sourceTree = "<group>";
		};
		465B63C32B30CA5B0014BDA9 /* Map */ = {
			isa = PBXGroup;
			children = (
				465B63C42B30CA5B0014BDA9 /* SMAnnotation.swift */,
				465B63C52B30CA5B0014BDA9 /* SMView.swift */,
				465B63C62B30CA5B0014BDA9 /* SMStation.swift */,
				465B63C72B30CA5B0014BDA9 /* SMControls.swift */,
			);
			path = Map;
			sourceTree = "<group>";
		};
		465B63C82B30CA5B0014BDA9 /* Profile */ = {
			isa = PBXGroup;
			children = (
				465B63C92B30CA5B0014BDA9 /* Profile */,
				465B63CD2B30CA5B0014BDA9 /* SProfile.swift */,
			);
			path = Profile;
			sourceTree = "<group>";
		};
		465B63C92B30CA5B0014BDA9 /* Profile */ = {
			isa = PBXGroup;
			children = (
				465B63CA2B30CA5B0014BDA9 /* ProfileView.swift */,
				465B63CB2B30CA5B0014BDA9 /* ServicesView.swift */,
				465B63CC2B30CA5B0014BDA9 /* PermissionsView.swift */,
			);
			path = Profile;
			sourceTree = "<group>";
		};
		465B641B2B30CAA90014BDA9 /* NSSSong */ = {
			isa = PBXGroup;
			children = (
				465B637C2B30CA5B0014BDA9 /* NSSSong.swift */,
			);
			path = NSSSong;
			sourceTree = "<group>";
		};
		467037E02B21433600C2B9EC = {
			isa = PBXGroup;
			children = (
				465B636E2B30CA5B0014BDA9 /* Stations */,
				46B95FCF2B2B02B20012CE5E /* .gitignore */,
				467037EA2B21433600C2B9EC /* Products */,
			);
			sourceTree = "<group>";
		};
		467037EA2B21433600C2B9EC /* Products */ = {
			isa = PBXGroup;
			children = (
				467037E92B21433600C2B9EC /* Stations.app */,
			);
			name = Products;
			sourceTree = "<group>";
		};
/* End PBXGroup section */

/* Begin PBXNativeTarget section */
		467037E82B21433600C2B9EC /* Stations */ = {
			isa = PBXNativeTarget;
			buildConfigurationList = 467037F72B21433700C2B9EC /* Build configuration list for PBXNativeTarget "Stations" */;
			buildPhases = (
				467037E52B21433600C2B9EC /* Sources */,
				467037E62B21433600C2B9EC /* Frameworks */,
				467037E72B21433600C2B9EC /* Resources */,
				46133EEE2B2AE97000F2398C /* ShellScript */,
			);
			buildRules = (
			);
			dependencies = (
			);
			name = Stations;
			packageProductDependencies = (
				467636242B30FFE5008367E3 /* Collections */,
				467636262B30FFE5008367E3 /* DequeModule */,
				467636282B30FFE5008367E3 /* OrderedCollections */,
			);
			productName = StationSlider;
			productReference = 467037E92B21433600C2B9EC /* Stations.app */;
			productType = "com.apple.product-type.application";
		};
/* End PBXNativeTarget section */

/* Begin PBXProject section */
		467037E12B21433600C2B9EC /* Project object */ = {
			isa = PBXProject;
			attributes = {
				BuildIndependentTargetsInParallel = 1;
				LastSwiftUpdateCheck = 1500;
				LastUpgradeCheck = 1500;
				TargetAttributes = {
					467037E82B21433600C2B9EC = {
						CreatedOnToolsVersion = 15.0.1;
					};
				};
			};
			buildConfigurationList = 467037E42B21433600C2B9EC /* Build configuration list for PBXProject "Stations" */;
			compatibilityVersion = "Xcode 15.0";
			developmentRegion = en;
			hasScannedForEncodings = 0;
			knownRegions = (
				en,
				Base,
			);
			mainGroup = 467037E02B21433600C2B9EC;
			packageReferences = (
				467636232B30FFE5008367E3 /* XCRemoteSwiftPackageReference "swift-collections" */,
			);
			productRefGroup = 467037EA2B21433600C2B9EC /* Products */;
			projectDirPath = "";
			projectRoot = "";
			targets = (
				467037E82B21433600C2B9EC /* Stations */,
			);
		};
/* End PBXProject section */

/* Begin PBXResourcesBuildPhase section */
		467037E72B21433600C2B9EC /* Resources */ = {
			isa = PBXResourcesBuildPhase;
			buildActionMask = 2147483647;
			files = (
				465B63CF2B30CA5B0014BDA9 /* Assets.xcassets in Resources */,
				465B63D12B30CA5B0014BDA9 /* Preview Assets.xcassets in Resources */,
				46B95FD02B2B02B20012CE5E /* .gitignore in Resources */,
			);
			runOnlyForDeploymentPostprocessing = 0;
		};
/* End PBXResourcesBuildPhase section */

/* Begin PBXShellScriptBuildPhase section */
		46133EEE2B2AE97000F2398C /* ShellScript */ = {
			isa = PBXShellScriptBuildPhase;
			alwaysOutOfDate = 1;
			buildActionMask = 12;
			files = (
			);
			inputFileListPaths = (
			);
			inputPaths = (
			);
			outputFileListPaths = (
			);
			outputPaths = (
			);
			runOnlyForDeploymentPostprocessing = 0;
			shellPath = /bin/sh;
			shellScript = "if [[ -e /opt/homebrew/bin/swiftlint ]]; then\n    /opt/homebrew/bin/swiftlint --fix --format && /opt/homebrew/bin/swiftlint\n    #/opt/homebrew/bin/swiftlint\nelse\n    echo \"warning:SwiftLint has not been found on your computer. You should install it with Homebrew (https://brew.sh/)\"\nfi\n";
			showEnvVarsInLog = 0;
		};
/* End PBXShellScriptBuildPhase section */

/* Begin PBXSourcesBuildPhase section */
		467037E52B21433600C2B9EC /* Sources */ = {
			isa = PBXSourcesBuildPhase;
			buildActionMask = 2147483647;
			files = (
				465B63DF2B30CA5B0014BDA9 /* Notifications.swift in Sources */,
				465B64132B30CA5B0014BDA9 /* SMView.swift in Sources */,
				465B64062B30CA5B0014BDA9 /* SDetails.swift in Sources */,
				465B63D42B30CA5B0014BDA9 /* NSSTips.swift in Sources */,
				465B63DD2B30CA5B0014BDA9 /* NSSModel+ScrollViewPosition.swift in Sources */,
				465B64182B30CA5B0014BDA9 /* PermissionsView.swift in Sources */,
				465B63F42B30CA5B0014BDA9 /* DebugNSSMusicManagerDelegate.swift in Sources */,
				465B64172B30CA5B0014BDA9 /* ServicesView.swift in Sources */,
				465B63F02B30CA5B0014BDA9 /* NSSMusicManagerDelegate.swift in Sources */,
				465B64082B30CA5B0014BDA9 /* NSSMainView.swift in Sources */,
				465B63FC2B30CA5B0014BDA9 /* NSSMusic.swift in Sources */,
				465B63DB2B30CA5B0014BDA9 /* NSSModel+MapCameraPosition.swift in Sources */,
				465B64162B30CA5B0014BDA9 /* ProfileView.swift in Sources */,
				465B64142B30CA5B0014BDA9 /* SMStation.swift in Sources */,
				465B64102B30CA5B0014BDA9 /* ToggleButton.swift in Sources */,
				465B640B2B30CA5B0014BDA9 /* SalientButtonStyle.swift in Sources */,
				465B63EF2B30CA5B0014BDA9 /* NSSMapManagerDelegate.swift in Sources */,
				465B64152B30CA5B0014BDA9 /* SMControls.swift in Sources */,
				465B63D62B30CA5B0014BDA9 /* NSSMap.swift in Sources */,
				46E217DE2B31811F0054C154 /* MusicKit.swift in Sources */,
				465B64192B30CA5B0014BDA9 /* SProfile.swift in Sources */,
				465B64032B30CA5B0014BDA9 /* SControlsDetails.swift in Sources */,
				465B63F82B30CA5B0014BDA9 /* NSSMusic+Retrieve.swift in Sources */,
				465B64002B30CA5B0014BDA9 /* NSSApp.swift in Sources */,
				465B63D02B30CA5B0014BDA9 /* PreviewStations.swift in Sources */,
				465B63DE2B30CA5B0014BDA9 /* Collections.swift in Sources */,
				465B640E2B30CA5B0014BDA9 /* NavigationComponent.swift in Sources */,
				465B63D82B30CA5B0014BDA9 /* NSSSong.swift in Sources */,
				465B63EA2B30CA5B0014BDA9 /* SharedNSSModelManagerDelegate.swift in Sources */,
				465B640D2B30CA5B0014BDA9 /* PermissionButton.swift in Sources */,
				465B63F32B30CA5B0014BDA9 /* DebugNSSStorageManagerDelegate.swift in Sources */,
				465B63FA2B30CA5B0014BDA9 /* NSSMusic+MusicKit.swift in Sources */,
				465B63F52B30CA5B0014BDA9 /* DebugNSSStationManagerDelegate.swift in Sources */,
				465B63DA2B30CA5B0014BDA9 /* NSSModel.swift in Sources */,
				465B63E92B30CA5B0014BDA9 /* DefaultNSSModelManagerDelegate.swift in Sources */,
				465B63DC2B30CA5B0014BDA9 /* NSSModel+NSSStorageManagerDelegate.swift in Sources */,
				465B63F12B30CA5B0014BDA9 /* DebugNSSModelManagerDelegate.swift in Sources */,
				465B64092B30CA5B0014BDA9 /* IsVisible.swift in Sources */,
				465B64112B30CA5B0014BDA9 /* Blur.swift in Sources */,
				465B64042B30CA5B0014BDA9 /* SControls.swift in Sources */,
				465B63E02B30CA5B0014BDA9 /* OSLog.swift in Sources */,
				465B63D32B30CA5B0014BDA9 /* NSSServices.swift in Sources */,
				465B64122B30CA5B0014BDA9 /* SMAnnotation.swift in Sources */,
				465B64012B30CA5B0014BDA9 /* Stations.swift in Sources */,
				465B63F72B30CA5B0014BDA9 /* NSSStyle.swift in Sources */,
				465B63D92B30CA5B0014BDA9 /* NSSModel+Music.swift in Sources */,
				465B63FF2B30CA5B0014BDA9 /* NSSCloud.swift in Sources */,
				465B640A2B30CA5B0014BDA9 /* ViewDidLoad.swift in Sources */,
				465B63D52B30CA5B0014BDA9 /* NSSMap+CLLocationManagerDelegate.swift in Sources */,
				465B640F2B30CA5B0014BDA9 /* SalientCircleButtonStyle.swift in Sources */,
				465B63F22B30CA5B0014BDA9 /* DebugNSSMapManagerDelegate.swift in Sources */,
				465B63E32B30CA5B0014BDA9 /* NSSFocus.swift in Sources */,
				465B63E72B30CA5B0014BDA9 /* DefaultNSSStorageManagerDelegate.swift in Sources */,
				465B63EE2B30CA5B0014BDA9 /* NSSModelManagerDelegate.swift in Sources */,
				465B63E62B30CA5B0014BDA9 /* DefaultNSSStationManagerDelegate.swift in Sources */,
				465B63D72B30CA5B0014BDA9 /* NSSColors.swift in Sources */,
				465B64022B30CA5B0014BDA9 /* StationSliderTargetBehavior.swift in Sources */,
				465B63EC2B30CA5B0014BDA9 /* NSSStationManagerDelegate.swift in Sources */,
				465B64052B30CA5B0014BDA9 /* SView.swift in Sources */,
				465B63FB2B30CA5B0014BDA9 /* NSSMusic+MediaPlayer.swift in Sources */,
				465B63E22B30CA5B0014BDA9 /* NSSStorage.swift in Sources */,
				465B64072B30CA5B0014BDA9 /* SImage.swift in Sources */,
				465B63ED2B30CA5B0014BDA9 /* NSSStorageManagerDelegate.swift in Sources */,
				465B63EB2B30CA5B0014BDA9 /* SharedNSSStationManagerDelegate.swift in Sources */,
				465B63E52B30CA5B0014BDA9 /* DefaultNSSMapManagerDelegate.swift in Sources */,
				465B640C2B30CA5B0014BDA9 /* BlankButton.swift in Sources */,
				465B63F62B30CA5B0014BDA9 /* NSSStation.swift in Sources */,
				465B63D22B30CA5B0014BDA9 /* NSSEntry.swift in Sources */,
				465B63E82B30CA5B0014BDA9 /* DefaultNSSMusicManagerDelegate.swift in Sources */,
			);
			runOnlyForDeploymentPostprocessing = 0;
		};
/* End PBXSourcesBuildPhase section */

/* Begin XCBuildConfiguration section */
		467037F52B21433700C2B9EC /* Debug */ = {
			isa = XCBuildConfiguration;
			buildSettings = {
				ALWAYS_SEARCH_USER_PATHS = NO;
				ASSETCATALOG_COMPILER_GENERATE_SWIFT_ASSET_SYMBOL_EXTENSIONS = YES;
				CLANG_ANALYZER_NONNULL = YES;
				CLANG_ANALYZER_NUMBER_OBJECT_CONVERSION = YES_AGGRESSIVE;
				CLANG_CXX_LANGUAGE_STANDARD = "gnu++20";
				CLANG_ENABLE_MODULES = YES;
				CLANG_ENABLE_OBJC_ARC = YES;
				CLANG_ENABLE_OBJC_WEAK = YES;
				CLANG_WARN_BLOCK_CAPTURE_AUTORELEASING = YES;
				CLANG_WARN_BOOL_CONVERSION = YES;
				CLANG_WARN_COMMA = YES;
				CLANG_WARN_CONSTANT_CONVERSION = YES;
				CLANG_WARN_DEPRECATED_OBJC_IMPLEMENTATIONS = YES;
				CLANG_WARN_DIRECT_OBJC_ISA_USAGE = YES_ERROR;
				CLANG_WARN_DOCUMENTATION_COMMENTS = YES;
				CLANG_WARN_EMPTY_BODY = YES;
				CLANG_WARN_ENUM_CONVERSION = YES;
				CLANG_WARN_INFINITE_RECURSION = YES;
				CLANG_WARN_INT_CONVERSION = YES;
				CLANG_WARN_NON_LITERAL_NULL_CONVERSION = YES;
				CLANG_WARN_OBJC_IMPLICIT_RETAIN_SELF = YES;
				CLANG_WARN_OBJC_LITERAL_CONVERSION = YES;
				CLANG_WARN_OBJC_ROOT_CLASS = YES_ERROR;
				CLANG_WARN_QUOTED_INCLUDE_IN_FRAMEWORK_HEADER = YES;
				CLANG_WARN_RANGE_LOOP_ANALYSIS = YES;
				CLANG_WARN_STRICT_PROTOTYPES = YES;
				CLANG_WARN_SUSPICIOUS_MOVE = YES;
				CLANG_WARN_UNGUARDED_AVAILABILITY = YES_AGGRESSIVE;
				CLANG_WARN_UNREACHABLE_CODE = YES;
				CLANG_WARN__DUPLICATE_METHOD_MATCH = YES;
				COPY_PHASE_STRIP = NO;
				DEBUG_INFORMATION_FORMAT = dwarf;
				ENABLE_STRICT_OBJC_MSGSEND = YES;
				ENABLE_TESTABILITY = YES;
				ENABLE_USER_SCRIPT_SANDBOXING = NO;
				GCC_C_LANGUAGE_STANDARD = gnu17;
				GCC_DYNAMIC_NO_PIC = NO;
				GCC_NO_COMMON_BLOCKS = YES;
				GCC_OPTIMIZATION_LEVEL = 0;
				GCC_PREPROCESSOR_DEFINITIONS = (
					"DEBUG=1",
					"$(inherited)",
				);
				GCC_WARN_64_TO_32_BIT_CONVERSION = YES;
				GCC_WARN_ABOUT_RETURN_TYPE = YES_ERROR;
				GCC_WARN_UNDECLARED_SELECTOR = YES;
				GCC_WARN_UNINITIALIZED_AUTOS = YES_AGGRESSIVE;
				GCC_WARN_UNUSED_FUNCTION = YES;
				GCC_WARN_UNUSED_VARIABLE = YES;
				IPHONEOS_DEPLOYMENT_TARGET = 17.0;
				LOCALIZATION_PREFERS_STRING_CATALOGS = YES;
				MTL_ENABLE_DEBUG_INFO = INCLUDE_SOURCE;
				MTL_FAST_MATH = YES;
				ONLY_ACTIVE_ARCH = YES;
				SDKROOT = iphoneos;
				SWIFT_ACTIVE_COMPILATION_CONDITIONS = "DEBUG $(inherited)";
				SWIFT_OPTIMIZATION_LEVEL = "-Onone";
			};
			name = Debug;
		};
		467037F62B21433700C2B9EC /* Release */ = {
			isa = XCBuildConfiguration;
			buildSettings = {
				ALWAYS_SEARCH_USER_PATHS = NO;
				ASSETCATALOG_COMPILER_GENERATE_SWIFT_ASSET_SYMBOL_EXTENSIONS = YES;
				CLANG_ANALYZER_NONNULL = YES;
				CLANG_ANALYZER_NUMBER_OBJECT_CONVERSION = YES_AGGRESSIVE;
				CLANG_CXX_LANGUAGE_STANDARD = "gnu++20";
				CLANG_ENABLE_MODULES = YES;
				CLANG_ENABLE_OBJC_ARC = YES;
				CLANG_ENABLE_OBJC_WEAK = YES;
				CLANG_WARN_BLOCK_CAPTURE_AUTORELEASING = YES;
				CLANG_WARN_BOOL_CONVERSION = YES;
				CLANG_WARN_COMMA = YES;
				CLANG_WARN_CONSTANT_CONVERSION = YES;
				CLANG_WARN_DEPRECATED_OBJC_IMPLEMENTATIONS = YES;
				CLANG_WARN_DIRECT_OBJC_ISA_USAGE = YES_ERROR;
				CLANG_WARN_DOCUMENTATION_COMMENTS = YES;
				CLANG_WARN_EMPTY_BODY = YES;
				CLANG_WARN_ENUM_CONVERSION = YES;
				CLANG_WARN_INFINITE_RECURSION = YES;
				CLANG_WARN_INT_CONVERSION = YES;
				CLANG_WARN_NON_LITERAL_NULL_CONVERSION = YES;
				CLANG_WARN_OBJC_IMPLICIT_RETAIN_SELF = YES;
				CLANG_WARN_OBJC_LITERAL_CONVERSION = YES;
				CLANG_WARN_OBJC_ROOT_CLASS = YES_ERROR;
				CLANG_WARN_QUOTED_INCLUDE_IN_FRAMEWORK_HEADER = YES;
				CLANG_WARN_RANGE_LOOP_ANALYSIS = YES;
				CLANG_WARN_STRICT_PROTOTYPES = YES;
				CLANG_WARN_SUSPICIOUS_MOVE = YES;
				CLANG_WARN_UNGUARDED_AVAILABILITY = YES_AGGRESSIVE;
				CLANG_WARN_UNREACHABLE_CODE = YES;
				CLANG_WARN__DUPLICATE_METHOD_MATCH = YES;
				COPY_PHASE_STRIP = NO;
				DEBUG_INFORMATION_FORMAT = "dwarf-with-dsym";
				ENABLE_NS_ASSERTIONS = NO;
				ENABLE_STRICT_OBJC_MSGSEND = YES;
				ENABLE_USER_SCRIPT_SANDBOXING = NO;
				GCC_C_LANGUAGE_STANDARD = gnu17;
				GCC_NO_COMMON_BLOCKS = YES;
				GCC_WARN_64_TO_32_BIT_CONVERSION = YES;
				GCC_WARN_ABOUT_RETURN_TYPE = YES_ERROR;
				GCC_WARN_UNDECLARED_SELECTOR = YES;
				GCC_WARN_UNINITIALIZED_AUTOS = YES_AGGRESSIVE;
				GCC_WARN_UNUSED_FUNCTION = YES;
				GCC_WARN_UNUSED_VARIABLE = YES;
				IPHONEOS_DEPLOYMENT_TARGET = 17.0;
				LOCALIZATION_PREFERS_STRING_CATALOGS = YES;
				MTL_ENABLE_DEBUG_INFO = NO;
				MTL_FAST_MATH = YES;
				SDKROOT = iphoneos;
				SWIFT_COMPILATION_MODE = wholemodule;
				VALIDATE_PRODUCT = YES;
			};
			name = Release;
		};
		467037F82B21433700C2B9EC /* Debug */ = {
			isa = XCBuildConfiguration;
			buildSettings = {
				ASSETCATALOG_COMPILER_APPICON_NAME = AppIcon;
				ASSETCATALOG_COMPILER_GLOBAL_ACCENT_COLOR_NAME = AccentColor;
				CLANG_ANALYZER_GCD_PERFORMANCE = YES;
				CLANG_ANALYZER_LOCALIZABILITY_EMPTY_CONTEXT = YES;
				CLANG_ANALYZER_LOCALIZABILITY_NONLOCALIZED = YES;
				CLANG_ANALYZER_SECURITY_FLOATLOOPCOUNTER = YES;
				CLANG_ANALYZER_SECURITY_INSECUREAPI_RAND = YES;
				CLANG_ANALYZER_SECURITY_INSECUREAPI_STRCPY = YES;
				CLANG_STATIC_ANALYZER_MODE = deep;
				CLANG_TIDY_BUGPRONE_REDUNDANT_BRANCH_CONDITION = YES;
				CLANG_TIDY_MISC_REDUNDANT_EXPRESSION = YES;
				CODE_SIGN_ENTITLEMENTS = Stations/Stations.entitlements;
				CODE_SIGN_STYLE = Automatic;
				COPY_HEADERS_RUN_UNIFDEF = YES;
				CREATE_INFOPLIST_SECTION_IN_BINARY = YES;
				CURRENT_PROJECT_VERSION = 1;
				DEFINES_MODULE = YES;
				DEVELOPMENT_ASSET_PATHS = "Stations/Preview\\ Content";
				DEVELOPMENT_TEAM = NP94WB3P75;
				DONT_GENERATE_INFOPLIST_FILE = YES;
				ENABLE_PREVIEWS = YES;
				GENERATE_INFOPLIST_FILE = YES;
				INFOPLIST_FILE = Stations/Info.plist;
				INFOPLIST_KEY_CFBundleDisplayName = Stations;
				INFOPLIST_KEY_LSApplicationCategoryType = "public.app-category.music";
				INFOPLIST_KEY_NSAppleMusicUsageDescription = "Stations is just a beta app to explore the usage of MusicKit & MapKit.";
				INFOPLIST_KEY_NSLocationAlwaysAndWhenInUseUsageDescription = "Stations is just a beta app to explore the usage of MusicKit & MapKit.";
				INFOPLIST_KEY_NSLocationAlwaysUsageDescription = "Stations is just a beta app to explore the usage of MusicKit & MapKit.";
				INFOPLIST_KEY_NSLocationTemporaryUsageDescriptionDictionary = "";
				INFOPLIST_KEY_NSLocationUsageDescription = "Stations is just a beta app to explore the usage of MusicKit & MapKit.";
				INFOPLIST_KEY_NSLocationWhenInUseUsageDescription = "Stations is just a beta app to explore the usage of MusicKit & MapKit.";
				INFOPLIST_KEY_UIApplicationSceneManifest_Generation = YES;
				INFOPLIST_KEY_UIApplicationSupportsIndirectInputEvents = YES;
				INFOPLIST_KEY_UILaunchScreen_Generation = YES;
				INFOPLIST_KEY_UISupportedInterfaceOrientations = UIInterfaceOrientationPortrait;
				INFOPLIST_KEY_UISupportedInterfaceOrientations_iPad = "UIInterfaceOrientationLandscapeLeft UIInterfaceOrientationLandscapeRight UIInterfaceOrientationPortrait UIInterfaceOrientationPortraitUpsideDown";
				IPHONEOS_DEPLOYMENT_TARGET = 17.0;
				LD_RUNPATH_SEARCH_PATHS = (
					"$(inherited)",
					"@executable_path/Frameworks",
				);
				MARKETING_VERSION = 0.1;
				MERGEABLE_LIBRARY = YES;
				MERGED_BINARY_TYPE = automatic;
				PRODUCT_BUNDLE_IDENTIFIER = studio.aemi.ada23.trial.Stations;
				PRODUCT_NAME = "$(TARGET_NAME)";
				RUN_CLANG_STATIC_ANALYZER = YES;
				RUN_DOCUMENTATION_COMPILER = YES;
				SUPPORTED_PLATFORMS = "iphoneos iphonesimulator";
				SUPPORTS_MACCATALYST = NO;
				SUPPORTS_MAC_DESIGNED_FOR_IPHONE_IPAD = YES;
				SWIFT_EMIT_LOC_STRINGS = YES;
				SWIFT_STRICT_CONCURRENCY = complete;
				SWIFT_TREAT_WARNINGS_AS_ERRORS = NO;
				SWIFT_VERSION = 5.0;
				TARGETED_DEVICE_FAMILY = 1;
			};
			name = Debug;
		};
		467037F92B21433700C2B9EC /* Release */ = {
			isa = XCBuildConfiguration;
			buildSettings = {
				ASSETCATALOG_COMPILER_APPICON_NAME = AppIcon;
				ASSETCATALOG_COMPILER_GLOBAL_ACCENT_COLOR_NAME = AccentColor;
				CLANG_ANALYZER_GCD_PERFORMANCE = YES;
				CLANG_ANALYZER_LOCALIZABILITY_EMPTY_CONTEXT = YES;
				CLANG_ANALYZER_LOCALIZABILITY_NONLOCALIZED = YES;
				CLANG_ANALYZER_SECURITY_FLOATLOOPCOUNTER = YES;
				CLANG_ANALYZER_SECURITY_INSECUREAPI_RAND = YES;
				CLANG_ANALYZER_SECURITY_INSECUREAPI_STRCPY = YES;
				CLANG_STATIC_ANALYZER_MODE = deep;
				CLANG_TIDY_BUGPRONE_REDUNDANT_BRANCH_CONDITION = YES;
				CLANG_TIDY_MISC_REDUNDANT_EXPRESSION = YES;
				CODE_SIGN_ENTITLEMENTS = Stations/Stations.entitlements;
				CODE_SIGN_STYLE = Automatic;
				COPY_HEADERS_RUN_UNIFDEF = YES;
				CREATE_INFOPLIST_SECTION_IN_BINARY = YES;
				CURRENT_PROJECT_VERSION = 1;
				DEFINES_MODULE = YES;
				DEVELOPMENT_ASSET_PATHS = "Stations/Preview\\ Content";
				DEVELOPMENT_TEAM = NP94WB3P75;
				DONT_GENERATE_INFOPLIST_FILE = YES;
				ENABLE_PREVIEWS = YES;
				GENERATE_INFOPLIST_FILE = YES;
				INFOPLIST_FILE = Stations/Info.plist;
				INFOPLIST_KEY_CFBundleDisplayName = Stations;
				INFOPLIST_KEY_LSApplicationCategoryType = "public.app-category.music";
				INFOPLIST_KEY_NSAppleMusicUsageDescription = "Stations is just a beta app to explore the usage of MusicKit & MapKit.";
				INFOPLIST_KEY_NSLocationAlwaysAndWhenInUseUsageDescription = "Stations is just a beta app to explore the usage of MusicKit & MapKit.";
				INFOPLIST_KEY_NSLocationAlwaysUsageDescription = "Stations is just a beta app to explore the usage of MusicKit & MapKit.";
				INFOPLIST_KEY_NSLocationTemporaryUsageDescriptionDictionary = "";
				INFOPLIST_KEY_NSLocationUsageDescription = "Stations is just a beta app to explore the usage of MusicKit & MapKit.";
				INFOPLIST_KEY_NSLocationWhenInUseUsageDescription = "Stations is just a beta app to explore the usage of MusicKit & MapKit.";
				INFOPLIST_KEY_UIApplicationSceneManifest_Generation = YES;
				INFOPLIST_KEY_UIApplicationSupportsIndirectInputEvents = YES;
				INFOPLIST_KEY_UILaunchScreen_Generation = YES;
				INFOPLIST_KEY_UISupportedInterfaceOrientations = UIInterfaceOrientationPortrait;
				INFOPLIST_KEY_UISupportedInterfaceOrientations_iPad = "UIInterfaceOrientationLandscapeLeft UIInterfaceOrientationLandscapeRight UIInterfaceOrientationPortrait UIInterfaceOrientationPortraitUpsideDown";
				IPHONEOS_DEPLOYMENT_TARGET = 17.0;
				LD_RUNPATH_SEARCH_PATHS = (
					"$(inherited)",
					"@executable_path/Frameworks",
				);
				MARKETING_VERSION = 0.1;
				MERGEABLE_LIBRARY = YES;
				MERGED_BINARY_TYPE = automatic;
				PRODUCT_BUNDLE_IDENTIFIER = studio.aemi.ada23.trial.Stations;
				PRODUCT_NAME = "$(TARGET_NAME)";
				RUN_CLANG_STATIC_ANALYZER = YES;
				RUN_DOCUMENTATION_COMPILER = YES;
				SUPPORTED_PLATFORMS = "iphoneos iphonesimulator";
				SUPPORTS_MACCATALYST = NO;
				SUPPORTS_MAC_DESIGNED_FOR_IPHONE_IPAD = YES;
				SWIFT_EMIT_LOC_STRINGS = YES;
				SWIFT_STRICT_CONCURRENCY = complete;
				SWIFT_TREAT_WARNINGS_AS_ERRORS = NO;
				SWIFT_VERSION = 5.0;
				TARGETED_DEVICE_FAMILY = 1;
			};
			name = Release;
		};
/* End XCBuildConfiguration section */

/* Begin XCConfigurationList section */
		467037E42B21433600C2B9EC /* Build configuration list for PBXProject "Stations" */ = {
			isa = XCConfigurationList;
			buildConfigurations = (
				467037F52B21433700C2B9EC /* Debug */,
				467037F62B21433700C2B9EC /* Release */,
			);
			defaultConfigurationIsVisible = 0;
			defaultConfigurationName = Release;
		};
		467037F72B21433700C2B9EC /* Build configuration list for PBXNativeTarget "Stations" */ = {
			isa = XCConfigurationList;
			buildConfigurations = (
				467037F82B21433700C2B9EC /* Debug */,
				467037F92B21433700C2B9EC /* Release */,
			);
			defaultConfigurationIsVisible = 0;
			defaultConfigurationName = Release;
		};
/* End XCConfigurationList section */

/* Begin XCRemoteSwiftPackageReference section */
		467636232B30FFE5008367E3 /* XCRemoteSwiftPackageReference "swift-collections" */ = {
			isa = XCRemoteSwiftPackageReference;
			repositoryURL = "https://github.com/apple/swift-collections.git";
			requirement = {
				kind = upToNextMajorVersion;
				minimumVersion = 1.0.5;
			};
		};
/* End XCRemoteSwiftPackageReference section */

/* Begin XCSwiftPackageProductDependency section */
		467636242B30FFE5008367E3 /* Collections */ = {
			isa = XCSwiftPackageProductDependency;
			package = 467636232B30FFE5008367E3 /* XCRemoteSwiftPackageReference "swift-collections" */;
			productName = Collections;
		};
		467636262B30FFE5008367E3 /* DequeModule */ = {
			isa = XCSwiftPackageProductDependency;
			package = 467636232B30FFE5008367E3 /* XCRemoteSwiftPackageReference "swift-collections" */;
			productName = DequeModule;
		};
		467636282B30FFE5008367E3 /* OrderedCollections */ = {
			isa = XCSwiftPackageProductDependency;
			package = 467636232B30FFE5008367E3 /* XCRemoteSwiftPackageReference "swift-collections" */;
			productName = OrderedCollections;
		};
/* End XCSwiftPackageProductDependency section */
	};
	rootObject = 467037E12B21433600C2B9EC /* Project object */;
}
